
Microsoft Visual Studio Solution File, Format Version 12.00
# Visual Studio Version 16
VisualStudioVersion = 16.0.31624.102
MinimumVisualStudioVersion = 10.0.40219.1
Project("{9A19103F-16F7-4668-BE54-9A1E7A4F7556}") = "ImageSourcesStorage", "ImageSourcesStorage\ImageSourcesStorage.csproj", "{ECBC0AAF-FAAE-4FC4-8312-4243F7E512E4}"
EndProject
Project("{9A19103F-16F7-4668-BE54-9A1E7A4F7556}") = "ImageSourcesStorage.DataAccessLayer", "ImageSourcesStorage.DataAccessLayer\ImageSourcesStorage.DataAccessLayer.csproj", "{A276BC6D-2C80-4596-9B2A-FA701AA85B09}"
EndProject
Project("{9A19103F-16F7-4668-BE54-9A1E7A4F7556}") = "ImageSourceStorage.Tests", "ImageSourceStorage.Tests\ImageSourceStorage.Tests.csproj", "{6699FB1A-1FC0-409B-B271-0D64D88B2CF9}"
EndProject
Project("{2150E333-8FDC-42A3-9474-1A3956D46DE8}") = "Solution Items", "Solution Items", "{21D48DF6-1E95-45A3-B344-A090DA947EEF}"
	ProjectSection(SolutionItems) = preProject
		.editorconfig = .editorconfig
	EndProjectSection
EndProject
Project("{9A19103F-16F7-4668-BE54-9A1E7A4F7556}") = "DataAccessLayer.Tests", "DataAccessLayer.Tests\DataAccessLayer.Tests.csproj", "{780A45FA-744A-4BD2-8578-E3E715B76413}"
EndProject
Global
	GlobalSection(SolutionConfigurationPlatforms) = preSolution
		Debug|Any CPU = Debug|Any CPU
		Release|Any CPU = Release|Any CPU
	EndGlobalSection
	GlobalSection(ProjectConfigurationPlatforms) = postSolution
		{ECBC0AAF-FAAE-4FC4-8312-4243F7E512E4}.Debug|Any CPU.ActiveCfg = Debug|Any CPU
		{ECBC0AAF-FAAE-4FC4-8312-4243F7E512E4}.Debug|Any CPU.Build.0 = Debug|Any CPU
		{ECBC0AAF-FAAE-4FC4-8312-4243F7E512E4}.Release|Any CPU.ActiveCfg = Release|Any CPU
		{ECBC0AAF-FAAE-4FC4-8312-4243F7E512E4}.Release|Any CPU.Build.0 = Release|Any CPU
		{A276BC6D-2C80-4596-9B2A-FA701AA85B09}.Debug|Any CPU.ActiveCfg = Debug|Any CPU
		{A276BC6D-2C80-4596-9B2A-FA701AA85B09}.Debug|Any CPU.Build.0 = Debug|Any CPU
		{A276BC6D-2C80-4596-9B2A-FA701AA85B09}.Release|Any CPU.ActiveCfg = Release|Any CPU
		{A276BC6D-2C80-4596-9B2A-FA701AA85B09}.Release|Any CPU.Build.0 = Release|Any CPU
		{6699FB1A-1FC0-409B-B271-0D64D88B2CF9}.Debug|Any CPU.ActiveCfg = Debug|Any CPU
		{6699FB1A-1FC0-409B-B271-0D64D88B2CF9}.Debug|Any CPU.Build.0 = Debug|Any CPU
		{6699FB1A-1FC0-409B-B271-0D64D88B2CF9}.Release|Any CPU.ActiveCfg = Release|Any CPU
		{6699FB1A-1FC0-409B-B271-0D64D88B2CF9}.Release|Any CPU.Build.0 = Release|Any CPU
		{780A45FA-744A-4BD2-8578-E3E715B76413}.Debug|Any CPU.ActiveCfg = Debug|Any CPU
		{780A45FA-744A-4BD2-8578-E3E715B76413}.Debug|Any CPU.Build.0 = Debug|Any CPU
		{780A45FA-744A-4BD2-8578-E3E715B76413}.Release|Any CPU.ActiveCfg = Release|Any CPU
		{780A45FA-744A-4BD2-8578-E3E715B76413}.Release|Any CPU.Build.0 = Release|Any CPU
	EndGlobalSection
	GlobalSection(SolutionProperties) = preSolution
		HideSolutionNode = FALSE
	EndGlobalSection
	GlobalSection(ExtensibilityGlobals) = postSolution
		SolutionGuid = {C5594491-E004-41F3-843E-EAEF1577436A}
	EndGlobalSection
EndGlobal
